
Microsoft Visual Studio Solution File, Format Version 12.00
# Visual Studio Version 17
VisualStudioVersion = 17.9.34701.34
MinimumVisualStudioVersion = 10.0.40219.1
Project("{FAE04EC0-301F-11D3-BF4B-00C04F79EFBC}") = "PizzaStore2", "PizzaStore2\PizzaStore2.csproj", "{F2C1765B-1135-4B87-8061-642FC45CBAD6}"
EndProject
Global
	GlobalSection(SolutionConfigurationPlatforms) = preSolution
		Debug|Any CPU = Debug|Any CPU
		Release|Any CPU = Release|Any CPU
	EndGlobalSection
	GlobalSection(ProjectConfigurationPlatforms) = postSolution
		{F2C1765B-1135-4B87-8061-642FC45CBAD6}.Debug|Any CPU.ActiveCfg = Debug|Any CPU
		{F2C1765B-1135-4B87-8061-642FC45CBAD6}.Debug|Any CPU.Build.0 = Debug|Any CPU
		{F2C1765B-1135-4B87-8061-642FC45CBAD6}.Release|Any CPU.ActiveCfg = Release|Any CPU
		{F2C1765B-1135-4B87-8061-642FC45CBAD6}.Release|Any CPU.Build.0 = Release|Any CPU
	EndGlobalSection
	GlobalSection(SolutionProperties) = preSolution
		HideSolutionNode = FALSE
	EndGlobalSection
	GlobalSection(ExtensibilityGlobals) = postSolution
		SolutionGuid = {79378754-BBFF-4EFE-989C-02FDF8CF1C91}
	EndGlobalSection
EndGlobal
